// !$*UTF8*$!
{
	archiveVersion = 1;
	classes = {
	};
	objectVersion = 50;
	objects = {

/* Begin PBXBuildFile section */
		C27EB17B259B7B8500AEDB4D /* AppDelegate.swift in Sources */ = {isa = PBXBuildFile; fileRef = C27EB17A259B7B8500AEDB4D /* AppDelegate.swift */; };
		C27EB17D259B7B8500AEDB4D /* SceneDelegate.swift in Sources */ = {isa = PBXBuildFile; fileRef = C27EB17C259B7B8500AEDB4D /* SceneDelegate.swift */; };
		C27EB17F259B7B8500AEDB4D /* ContentView.swift in Sources */ = {isa = PBXBuildFile; fileRef = C27EB17E259B7B8500AEDB4D /* ContentView.swift */; };
		C27EB181259B7B8800AEDB4D /* Assets.xcassets in Resources */ = {isa = PBXBuildFile; fileRef = C27EB180259B7B8800AEDB4D /* Assets.xcassets */; };
		C27EB184259B7B8800AEDB4D /* Preview Assets.xcassets in Resources */ = {isa = PBXBuildFile; fileRef = C27EB183259B7B8800AEDB4D /* Preview Assets.xcassets */; };
		C27EB187259B7B8800AEDB4D /* LaunchScreen.storyboard in Resources */ = {isa = PBXBuildFile; fileRef = C27EB185259B7B8800AEDB4D /* LaunchScreen.storyboard */; };
/* End PBXBuildFile section */

/* Begin PBXFileReference section */
		C27EB177259B7B8500AEDB4D /* CustomFontUI.app */ = {isa = PBXFileReference; explicitFileType = wrapper.application; includeInIndex = 0; path = CustomFontUI.app; sourceTree = BUILT_PRODUCTS_DIR; };
		C27EB17A259B7B8500AEDB4D /* AppDelegate.swift */ = {isa = PBXFileReference; lastKnownFileType = sourcecode.swift; path = AppDelegate.swift; sourceTree = "<group>"; };
		C27EB17C259B7B8500AEDB4D /* SceneDelegate.swift */ = {isa = PBXFileReference; lastKnownFileType = sourcecode.swift; path = SceneDelegate.swift; sourceTree = "<group>"; };
		C27EB17E259B7B8500AEDB4D /* ContentView.swift */ = {isa = PBXFileReference; lastKnownFileType = sourcecode.swift; path = ContentView.swift; sourceTree = "<group>"; };
		C27EB180259B7B8800AEDB4D /* Assets.xcassets */ = {isa = PBXFileReference; lastKnownFileType = folder.assetcatalog; path = Assets.xcassets; sourceTree = "<group>"; };
		C27EB183259B7B8800AEDB4D /* Preview Assets.xcassets */ = {isa = PBXFileReference; lastKnownFileType = folder.assetcatalog; path = "Preview Assets.xcassets"; sourceTree = "<group>"; };
		C27EB186259B7B8800AEDB4D /* Base */ = {isa = PBXFileReference; lastKnownFileType = file.storyboard; name = Base; path = Base.lproj/LaunchScreen.storyboard; sourceTree = "<group>"; };
		C27EB188259B7B8800AEDB4D /* Info.plist */ = {isa = PBXFileReference; lastKnownFileType = text.plist.xml; path = Info.plist; sourceTree = "<group>"; };
/* End PBXFileReference section */

/* Begin PBXFrameworksBuildPhase section */
		C27EB174259B7B8500AEDB4D /* Frameworks */ = {
			isa = PBXFrameworksBuildPhase;
			buildActionMask = 2147483647;
			files = (
			);
			runOnlyForDeploymentPostprocessing = 0;
		};
/* End PBXFrameworksBuildPhase section */

/* Begin PBXGroup section */
		C27EB16E259B7B8500AEDB4D = {
			isa = PBXGroup;
			children = (
				C27EB179259B7B8500AEDB4D /* CustomFontUI */,
				C27EB178259B7B8500AEDB4D /* Products */,
			);
			sourceTree = "<group>";
		};
		C27EB178259B7B8500AEDB4D /* Products */ = {
			isa = PBXGroup;
			children = (
				C27EB177259B7B8500AEDB4D /* CustomFontUI.app */,
			);
			name = Products;
			sourceTree = "<group>";
		};
		C27EB179259B7B8500AEDB4D /* CustomFontUI */ = {
			isa = PBXGroup;
			children = (
				C27EB17A259B7B8500AEDB4D /* AppDelegate.swift */,
				C27EB17C259B7B8500AEDB4D /* SceneDelegate.swift */,
				C27EB17E259B7B8500AEDB4D /* ContentView.swift */,
				C27EB180259B7B8800AEDB4D /* Assets.xcassets */,
				C27EB185259B7B8800AEDB4D /* LaunchScreen.storyboard */,
				C27EB188259B7B8800AEDB4D /* Info.plist */,
				C27EB182259B7B8800AEDB4D /* Preview Content */,
			);
			path = CustomFontUI;
			sourceTree = "<group>";
		};
		C27EB182259B7B8800AEDB4D /* Preview Content */ = {
			isa = PBXGroup;
			children = (
				C27EB183259B7B8800AEDB4D /* Preview Assets.xcassets */,
			);
			path = "Preview Content";
			sourceTree = "<group>";
		};
/* End PBXGroup section */

/* Begin PBXNativeTarget section */
		C27EB176259B7B8500AEDB4D /* CustomFontUI */ = {
			isa = PBXNativeTarget;
			buildConfigurationList = C27EB18B259B7B8800AEDB4D /* Build configuration list for PBXNativeTarget "CustomFontUI" */;
			buildPhases = (
				C27EB173259B7B8500AEDB4D /* Sources */,
				C27EB174259B7B8500AEDB4D /* Frameworks */,
				C27EB175259B7B8500AEDB4D /* Resources */,
			);
			buildRules = (
			);
			dependencies = (
			);
			name = CustomFontUI;
			productName = CustomFontUI;
			productReference = C27EB177259B7B8500AEDB4D /* CustomFontUI.app */;
			productType = "com.apple.product-type.application";
		};
/* End PBXNativeTarget section */

/* Begin PBXProject section */
		C27EB16F259B7B8500AEDB4D /* Project object */ = {
			isa = PBXProject;
			attributes = {
				LastSwiftUpdateCheck = 1230;
				LastUpgradeCheck = 1230;
				TargetAttributes = {
					C27EB176259B7B8500AEDB4D = {
						CreatedOnToolsVersion = 12.3;
					};
				};
			};
			buildConfigurationList = C27EB172259B7B8500AEDB4D /* Build configuration list for PBXProject "CustomFontUI" */;
			compatibilityVersion = "Xcode 9.3";
			developmentRegion = en;
			hasScannedForEncodings = 0;
			knownRegions = (
				en,
				Base,
			);
			mainGroup = C27EB16E259B7B8500AEDB4D;
			productRefGroup = C27EB178259B7B8500AEDB4D /* Products */;
			projectDirPath = "";
			projectRoot = "";
			targets = (
				C27EB176259B7B8500AEDB4D /* CustomFontUI */,
			);
		};
/* End PBXProject section */

/* Begin PBXResourcesBuildPhase section */
		C27EB175259B7B8500AEDB4D /* Resources */ = {
			isa = PBXResourcesBuildPhase;
			buildActionMask = 2147483647;
			files = (
				C27EB187259B7B8800AEDB4D /* LaunchScreen.storyboard in Resources */,
				C27EB184259B7B8800AEDB4D /* Preview Assets.xcassets in Resources */,
				C27EB181259B7B8800AEDB4D /* Assets.xcassets in Resources */,
			);
			runOnlyForDeploymentPostprocessing = 0;
		};
/* End PBXResourcesBuildPhase section */

/* Begin PBXSourcesBuildPhase section */
		C27EB173259B7B8500AEDB4D /* Sources */ = {
			isa = PBXSourcesBuildPhase;
			buildActionMask = 2147483647;
			files = (
				C27EB17B259B7B8500AEDB4D /* AppDelegate.swift in Sources */,
				C27EB17D259B7B8500AEDB4D /* SceneDelegate.swift in Sources */,
				C27EB17F259B7B8500AEDB4D /* ContentView.swift in Sources */,
			);
			runOnlyForDeploymentPostprocessing = 0;
		};
/* End PBXSourcesBuildPhase section */

/* Begin PBXVariantGroup section */
		C27EB185259B7B8800AEDB4D /* LaunchScreen.storyboard */ = {
			isa = PBXVariantGroup;
			children = (
				C27EB186259B7B8800AEDB4D /* Base */,
			);
			name = LaunchScreen.storyboard;
			sourceTree = "<group>";
		};
/* End PBXVariantGroup section */

/* Begin XCBuildConfiguration section */
		C27EB189259B7B8800AEDB4D /* Debug */ = {
			isa = XCBuildConfiguration;
			buildSettings = {
				ALWAYS_SEARCH_USER_PATHS = NO;
				CLANG_ANALYZER_NONNULL = YES;
				CLANG_ANALYZER_NUMBER_OBJECT_CONVERSION = YES_AGGRESSIVE;
				CLANG_CXX_LANGUAGE_STANDARD = "gnu++14";
				CLANG_CXX_LIBRARY = "libc++";
				CLANG_ENABLE_MODULES = YES;
				CLANG_ENABLE_OBJC_ARC = YES;
				CLANG_ENABLE_OBJC_WEAK = YES;
				CLANG_WARN_BLOCK_CAPTURE_AUTORELEASING = YES;
				CLANG_WARN_BOOL_CONVERSION = YES;
				CLANG_WARN_COMMA = YES;
				CLANG_WARN_CONSTANT_CONVERSION = YES;
				CLANG_WARN_DEPRECATED_OBJC_IMPLEMENTATIONS = YES;
				CLANG_WARN_DIRECT_OBJC_ISA_USAGE = YES_ERROR;
				CLANG_WARN_DOCUMENTATION_COMMENTS = YES;
				CLANG_WARN_EMPTY_BODY = YES;
				CLANG_WARN_ENUM_CONVERSION = YES;
				CLANG_WARN_INFINITE_RECURSION = YES;
				CLANG_WARN_INT_CONVERSION = YES;
				CLANG_WARN_NON_LITERAL_NULL_CONVERSION = YES;
				CLANG_WARN_OBJC_IMPLICIT_RETAIN_SELF = YES;
				CLANG_WARN_OBJC_LITERAL_CONVERSION = YES;
				CLANG_WARN_OBJC_ROOT_CLASS = YES_ERROR;
				CLANG_WARN_QUOTED_INCLUDE_IN_FRAMEWORK_HEADER = YES;
				CLANG_WARN_RANGE_LOOP_ANALYSIS = YES;
				CLANG_WARN_STRICT_PROTOTYPES = YES;
				CLANG_WARN_SUSPICIOUS_MOVE = YES;
				CLANG_WARN_UNGUARDED_AVAILABILITY = YES_AGGRESSIVE;
				CLANG_WARN_UNREACHABLE_CODE = YES;
				CLANG_WARN__DUPLICATE_METHOD_MATCH = YES;
				COPY_PHASE_STRIP = NO;
				DEBUG_INFORMATION_FORMAT = dwarf;
				ENABLE_STRICT_OBJC_MSGSEND = YES;
				ENABLE_TESTABILITY = YES;
				GCC_C_LANGUAGE_STANDARD = gnu11;
				GCC_DYNAMIC_NO_PIC = NO;
				GCC_NO_COMMON_BLOCKS = YES;
				GCC_OPTIMIZATION_LEVEL = 0;
				GCC_PREPROCESSOR_DEFINITIONS = (
					"DEBUG=1",
					"$(inherited)",
				);
				GCC_WARN_64_TO_32_BIT_CONVERSION = YES;
				GCC_WARN_ABOUT_RETURN_TYPE = YES_ERROR;
				GCC_WARN_UNDECLARED_SELECTOR = YES;
				GCC_WARN_UNINITIALIZED_AUTOS = YES_AGGRESSIVE;
				GCC_WARN_UNUSED_FUNCTION = YES;
				GCC_WARN_UNUSED_VARIABLE = YES;
				IPHONEOS_DEPLOYMENT_TARGET = 14.3;
				MTL_ENABLE_DEBUG_INFO = INCLUDE_SOURCE;
				MTL_FAST_MATH = YES;
				ONLY_ACTIVE_ARCH = YES;
				SDKROOT = iphoneos;
				SWIFT_ACTIVE_COMPILATION_CONDITIONS = DEBUG;
				SWIFT_OPTIMIZATION_LEVEL = "-Onone";
			};
			name = Debug;
		};
		C27EB18A259B7B8800AEDB4D /* Release */ = {
			isa = XCBuildConfiguration;
			buildSettings = {
				ALWAYS_SEARCH_USER_PATHS = NO;
				CLANG_ANALYZER_NONNULL = YES;
				CLANG_ANALYZER_NUMBER_OBJECT_CONVERSION = YES_AGGRESSIVE;
				CLANG_CXX_LANGUAGE_STANDARD = "gnu++14";
				CLANG_CXX_LIBRARY = "libc++";
				CLANG_ENABLE_MODULES = YES;
				CLANG_ENABLE_OBJC_ARC = YES;
				CLANG_ENABLE_OBJC_WEAK = YES;
				CLANG_WARN_BLOCK_CAPTURE_AUTORELEASING = YES;
				CLANG_WARN_BOOL_CONVERSION = YES;
				CLANG_WARN_COMMA = YES;
				CLANG_WARN_CONSTANT_CONVERSION = YES;
				CLANG_WARN_DEPRECATED_OBJC_IMPLEMENTATIONS = YES;
				CLANG_WARN_DIRECT_OBJC_ISA_USAGE = YES_ERROR;
				CLANG_WARN_DOCUMENTATION_COMMENTS = YES;
				CLANG_WARN_EMPTY_BODY = YES;
				CLANG_WARN_ENUM_CONVERSION = YES;
				CLANG_WARN_INFINITE_RECURSION = YES;
				CLANG_WARN_INT_CONVERSION = YES;
				CLANG_WARN_NON_LITERAL_NULL_CONVERSION = YES;
				CLANG_WARN_OBJC_IMPLICIT_RETAIN_SELF = YES;
				CLANG_WARN_OBJC_LITERAL_CONVERSION = YES;
				CLANG_WARN_OBJC_ROOT_CLASS = YES_ERROR;
				CLANG_WARN_QUOTED_INCLUDE_IN_FRAMEWORK_HEADER = YES;
				CLANG_WARN_RANGE_LOOP_ANALYSIS = YES;
				CLANG_WARN_STRICT_PROTOTYPES = YES;
				CLANG_WARN_SUSPICIOUS_MOVE = YES;
				CLANG_WARN_UNGUARDED_AVAILABILITY = YES_AGGRESSIVE;
				CLANG_WARN_UNREACHABLE_CODE = YES;
				CLANG_WARN__DUPLICATE_METHOD_MATCH = YES;
				COPY_PHASE_STRIP = NO;
				DEBUG_INFORMATION_FORMAT = "dwarf-with-dsym";
				ENABLE_NS_ASSERTIONS = NO;
				ENABLE_STRICT_OBJC_MSGSEND = YES;
				GCC_C_LANGUAGE_STANDARD = gnu11;
				GCC_NO_COMMON_BLOCKS = YES;
				GCC_WARN_64_TO_32_BIT_CONVERSION = YES;
				GCC_WARN_ABOUT_RETURN_TYPE = YES_ERROR;
				GCC_WARN_UNDECLARED_SELECTOR = YES;
				GCC_WARN_UNINITIALIZED_AUTOS = YES_AGGRESSIVE;
				GCC_WARN_UNUSED_FUNCTION = YES;
				GCC_WARN_UNUSED_VARIABLE = YES;
				IPHONEOS_DEPLOYMENT_TARGET = 14.3;
				MTL_ENABLE_DEBUG_INFO = NO;
				MTL_FAST_MATH = YES;
				SDKROOT = iphoneos;
				SWIFT_COMPILATION_MODE = wholemodule;
				SWIFT_OPTIMIZATION_LEVEL = "-O";
				VALIDATE_PRODUCT = YES;
			};
			name = Release;
		};
		C27EB18C259B7B8800AEDB4D /* Debug */ = {
			isa = XCBuildConfiguration;
			buildSettings = {
				ASSETCATALOG_COMPILER_APPICON_NAME = AppIcon;
				ASSETCATALOG_COMPILER_GLOBAL_ACCENT_COLOR_NAME = AccentColor;
				CODE_SIGN_STYLE = Automatic;
				DEVELOPMENT_ASSET_PATHS = "\"CustomFontUI/Preview Content\"";
				DEVELOPMENT_TEAM = L6PXY72MF4;
				ENABLE_PREVIEWS = YES;
				INFOPLIST_FILE = CustomFontUI/Info.plist;
				LD_RUNPATH_SEARCH_PATHS = (
					"$(inherited)",
					"@executable_path/Frameworks",
				);
				PRODUCT_BUNDLE_IDENTIFIER = com.yibenzhiyuan.CustomFontUI;
				PRODUCT_NAME = "$(TARGET_NAME)";
				SWIFT_VERSION = 5.0;
				TARGETED_DEVICE_FAMILY = "1,2";
			};
			name = Debug;
		};
		C27EB18D259B7B8800AEDB4D /* Release */ = {
			isa = XCBuildConfiguration;
			buildSettings = {
				ASSETCATALOG_COMPILER_APPICON_NAME = AppIcon;
				ASSETCATALOG_COMPILER_GLOBAL_ACCENT_COLOR_NAME = AccentColor;
				CODE_SIGN_STYLE = Automatic;
				DEVELOPMENT_ASSET_PATHS = "\"CustomFontUI/Preview Content\"";
				DEVELOPMENT_TEAM = L6PXY72MF4;
				ENABLE_PREVIEWS = YES;
				INFOPLIST_FILE = CustomFontUI/Info.plist;
				LD_RUNPATH_SEARCH_PATHS = (
					"$(inherited)",
					"@executable_path/Frameworks",
				);
				PRODUCT_BUNDLE_IDENTIFIER = com.yibenzhiyuan.CustomFontUI;
				PRODUCT_NAME = "$(TARGET_NAME)";
				SWIFT_VERSION = 5.0;
				TARGETED_DEVICE_FAMILY = "1,2";
			};
			name = Release;
		};
/* End XCBuildConfiguration section */

/* Begin XCConfigurationList section */
		C27EB172259B7B8500AEDB4D /* Build configuration list for PBXProject "CustomFontUI" */ = {
			isa = XCConfigurationList;
			buildConfigurations = (
				C27EB189259B7B8800AEDB4D /* Debug */,
				C27EB18A259B7B8800AEDB4D /* Release */,
			);
			defaultConfigurationIsVisible = 0;
			defaultConfigurationName = Release;
		};
		C27EB18B259B7B8800AEDB4D /* Build configuration list for PBXNativeTarget "CustomFontUI" */ = {
			isa = XCConfigurationList;
			buildConfigurations = (
				C27EB18C259B7B8800AEDB4D /* Debug */,
				C27EB18D259B7B8800AEDB4D /* Release */,
			);
			defaultConfigurationIsVisible = 0;
			defaultConfigurationName = Release;
		};
/* End XCConfigurationList section */
	};
	rootObject = C27EB16F259B7B8500AEDB4D /* Project object */;
}
